hash: 1eefb8a56a440d45919a87ee608bff8d1a52451ea34853e794e2f50ba6db4dbb
updated: 2016-12-29T22:59:40.729071625+09:00
imports:
- name: github.com/jarcoal/httpmock
  version: 6aa33143427f6eb0bebcc0af42e8db85e39a42c0
- name: github.com/pkg/errors
  version: 645ef00459ed84a119197bfb8d8205042c6df63d
testImports: []
